// !$*UTF8*$!
{
	archiveVersion = 1;
	classes = {
	};
	objectVersion = 46;
	objects = {

/* Begin PBXBuildFile section */
		C66AF77F1D2C59AB00FCA3EA /* AppDelegate.swift in Sources */ = {isa = PBXBuildFile; fileRef = C66AF77E1D2C59AB00FCA3EA /* AppDelegate.swift */; };
		C66AF7811D2C59AB00FCA3EA /* ViewController.swift in Sources */ = {isa = PBXBuildFile; fileRef = C66AF7801D2C59AB00FCA3EA /* ViewController.swift */; };
		C66AF7841D2C59AB00FCA3EA /* Main.storyboard in Resources */ = {isa = PBXBuildFile; fileRef = C66AF7821D2C59AB00FCA3EA /* Main.storyboard */; };
		C66AF7861D2C59AB00FCA3EA /* Assets.xcassets in Resources */ = {isa = PBXBuildFile; fileRef = C66AF7851D2C59AB00FCA3EA /* Assets.xcassets */; };
		C66AF7891D2C59AB00FCA3EA /* LaunchScreen.storyboard in Resources */ = {isa = PBXBuildFile; fileRef = C66AF7871D2C59AB00FCA3EA /* LaunchScreen.storyboard */; };
/* End PBXBuildFile section */

/* Begin PBXFileReference section */
		C66AF77B1D2C59AB00FCA3EA /* TicTacToe.app */ = {isa = PBXFileReference; explicitFileType = wrapper.application; includeInIndex = 0; path = TicTacToe.app; sourceTree = BUILT_PRODUCTS_DIR; };
		C66AF77E1D2C59AB00FCA3EA /* AppDelegate.swift */ = {isa = PBXFileReference; lastKnownFileType = sourcecode.swift; path = AppDelegate.swift; sourceTree = "<group>"; };
		C66AF7801D2C59AB00FCA3EA /* ViewController.swift */ = {isa = PBXFileReference; lastKnownFileType = sourcecode.swift; path = ViewController.swift; sourceTree = "<group>"; };
		C66AF7831D2C59AB00FCA3EA /* Base */ = {isa = PBXFileReference; lastKnownFileType = file.storyboard; name = Base; path = Base.lproj/Main.storyboard; sourceTree = "<group>"; };
		C66AF7851D2C59AB00FCA3EA /* Assets.xcassets */ = {isa = PBXFileReference; lastKnownFileType = folder.assetcatalog; path = Assets.xcassets; sourceTree = "<group>"; };
		C66AF7881D2C59AB00FCA3EA /* Base */ = {isa = PBXFileReference; lastKnownFileType = file.storyboard; name = Base; path = Base.lproj/LaunchScreen.storyboard; sourceTree = "<group>"; };
		C66AF78A1D2C59AB00FCA3EA /* Info.plist */ = {isa = PBXFileReference; lastKnownFileType = text.plist.xml; path = Info.plist; sourceTree = "<group>"; };
/* End PBXFileReference section */

/* Begin PBXFrameworksBuildPhase section */
		C66AF7781D2C59AB00FCA3EA /* Frameworks */ = {
			isa = PBXFrameworksBuildPhase;
			buildActionMask = 2147483647;
			files = (
			);
			runOnlyForDeploymentPostprocessing = 0;
		};
/* End PBXFrameworksBuildPhase section */

/* Begin PBXGroup section */
		C66AF7721D2C59AB00FCA3EA = {
			isa = PBXGroup;
			children = (
				C66AF77D1D2C59AB00FCA3EA /* TicTacToe */,
				C66AF77C1D2C59AB00FCA3EA /* Products */,
			);
			sourceTree = "<group>";
		};
		C66AF77C1D2C59AB00FCA3EA /* Products */ = {
			isa = PBXGroup;
			children = (
				C66AF77B1D2C59AB00FCA3EA /* TicTacToe.app */,
			);
			name = Products;
			sourceTree = "<group>";
		};
		C66AF77D1D2C59AB00FCA3EA /* TicTacToe */ = {
			isa = PBXGroup;
			children = (
				C66AF77E1D2C59AB00FCA3EA /* AppDelegate.swift */,
				C66AF7801D2C59AB00FCA3EA /* ViewController.swift */,
				C66AF7821D2C59AB00FCA3EA /* Main.storyboard */,
				C66AF7851D2C59AB00FCA3EA /* Assets.xcassets */,
				C66AF7871D2C59AB00FCA3EA /* LaunchScreen.storyboard */,
				C66AF78A1D2C59AB00FCA3EA /* Info.plist */,
			);
			path = TicTacToe;
			sourceTree = "<group>";
		};
/* End PBXGroup section */

/* Begin PBXNativeTarget section */
		C66AF77A1D2C59AB00FCA3EA /* TicTacToe */ = {
			isa = PBXNativeTarget;
			buildConfigurationList = C66AF78D1D2C59AB00FCA3EA /* Build configuration list for PBXNativeTarget "TicTacToe" */;
			buildPhases = (
				C66AF7771D2C59AB00FCA3EA /* Sources */,
				C66AF7781D2C59AB00FCA3EA /* Frameworks */,
				C66AF7791D2C59AB00FCA3EA /* Resources */,
			);
			buildRules = (
			);
			dependencies = (
			);
			name = TicTacToe;
			productName = TicTacToe;
			productReference = C66AF77B1D2C59AB00FCA3EA /* TicTacToe.app */;
			productType = "com.apple.product-type.application";
		};
/* End PBXNativeTarget section */

/* Begin PBXProject section */
		C66AF7731D2C59AB00FCA3EA /* Project object */ = {
			isa = PBXProject;
			attributes = {
				LastSwiftUpdateCheck = 0730;
				LastUpgradeCheck = 0730;
				ORGANIZATIONNAME = "Dragoman Developers, LLC";
				TargetAttributes = {
					C66AF77A1D2C59AB00FCA3EA = {
						CreatedOnToolsVersion = 7.3.1;
					};
				};
			};
			buildConfigurationList = C66AF7761D2C59AB00FCA3EA /* Build configuration list for PBXProject "TicTacToe" */;
			compatibilityVersion = "Xcode 3.2";
			developmentRegion = English;
			hasScannedForEncodings = 0;
			knownRegions = (
				en,
				Base,
			);
			mainGroup = C66AF7721D2C59AB00FCA3EA;
			productRefGroup = C66AF77C1D2C59AB00FCA3EA /* Products */;
			projectDirPath = "";
			projectRoot = "";
			targets = (
				C66AF77A1D2C59AB00FCA3EA /* TicTacToe */,
			);
		};
/* End PBXProject section */

/* Begin PBXResourcesBuildPhase section */
		C66AF7791D2C59AB00FCA3EA /* Resources */ = {
			isa = PBXResourcesBuildPhase;
			buildActionMask = 2147483647;
			files = (
				C66AF7891D2C59AB00FCA3EA /* LaunchScreen.storyboard in Resources */,
				C66AF7861D2C59AB00FCA3EA /* Assets.xcassets in Resources */,
				C66AF7841D2C59AB00FCA3EA /* Main.storyboard in Resources */,
			);
			runOnlyForDeploymentPostprocessing = 0;
		};
/* End PBXResourcesBuildPhase section */

/* Begin PBXSourcesBuildPhase section */
		C66AF7771D2C59AB00FCA3EA /* Sources */ = {
			isa = PBXSourcesBuildPhase;
			buildActionMask = 2147483647;
			files = (
				C66AF7811D2C59AB00FCA3EA /* ViewController.swift in Sources */,
				C66AF77F1D2C59AB00FCA3EA /* AppDelegate.swift in Sources */,
			);
			runOnlyForDeploymentPostprocessing = 0;
		};
/* End PBXSourcesBuildPhase section */

/* Begin PBXVariantGroup section */
		C66AF7821D2C59AB00FCA3EA /* Main.storyboard */ = {
			isa = PBXVariantGroup;
			children = (
				C66AF7831D2C59AB00FCA3EA /* Base */,
			);
			name = Main.storyboard;
			sourceTree = "<group>";
		};
		C66AF7871D2C59AB00FCA3EA /* LaunchScreen.storyboard */ = {
			isa = PBXVariantGroup;
			children = (
				C66AF7881D2C59AB00FCA3EA /* Base */,
			);
			name = LaunchScreen.storyboard;
			sourceTree = "<group>";
		};
/* End PBXVariantGroup section */

/* Begin XCBuildConfiguration section */
		C66AF78B1D2C59AB00FCA3EA /* Debug */ = {
			isa = XCBuildConfiguration;
			buildSettings = {
				ALWAYS_SEARCH_USER_PATHS = NO;
				CLANG_ANALYZER_NONNULL = YES;
				CLANG_CXX_LANGUAGE_STANDARD = "gnu++0x";
				CLANG_CXX_LIBRARY = "libc++";
				CLANG_ENABLE_MODULES = YES;
				CLANG_ENABLE_OBJC_ARC = YES;
				CLANG_WARN_BOOL_CONVERSION = YES;
				CLANG_WARN_CONSTANT_CONVERSION = YES;
				CLANG_WARN_DIRECT_OBJC_ISA_USAGE = YES_ERROR;
				CLANG_WARN_EMPTY_BODY = YES;
				CLANG_WARN_ENUM_CONVERSION = YES;
				CLANG_WARN_INT_CONVERSION = YES;
				CLANG_WARN_OBJC_ROOT_CLASS = YES_ERROR;
				CLANG_WARN_UNREACHABLE_CODE = YES;
				CLANG_WARN__DUPLICATE_METHOD_MATCH = YES;
				"CODE_SIGN_IDENTITY[sdk=iphoneos*]" = "iPhone Developer";
				COPY_PHASE_STRIP = NO;
				DEBUG_INFORMATION_FORMAT = dwarf;
				ENABLE_STRICT_OBJC_MSGSEND = YES;
				ENABLE_TESTABILITY = YES;
				GCC_C_LANGUAGE_STANDARD = gnu99;
				GCC_DYNAMIC_NO_PIC = NO;
				GCC_NO_COMMON_BLOCKS = YES;
				GCC_OPTIMIZATION_LEVEL = 0;
				GCC_PREPROCESSOR_DEFINITIONS = (
					"DEBUG=1",
					"$(inherited)",
				);
				GCC_WARN_64_TO_32_BIT_CONVERSION = YES;
				GCC_WARN_ABOUT_RETURN_TYPE = YES_ERROR;
				GCC_WARN_UNDECLARED_SELECTOR = YES;
				GCC_WARN_UNINITIALIZED_AUTOS = YES_AGGRESSIVE;
				GCC_WARN_UNUSED_FUNCTION = YES;
				GCC_WARN_UNUSED_VARIABLE = YES;
				IPHONEOS_DEPLOYMENT_TARGET = 9.3;
				MTL_ENABLE_DEBUG_INFO = YES;
				ONLY_ACTIVE_ARCH = YES;
				SDKROOT = iphoneos;
				SWIFT_OPTIMIZATION_LEVEL = "-Onone";
			};
			name = Debug;
		};
		C66AF78C1D2C59AB00FCA3EA /* Release */ = {
			isa = XCBuildConfiguration;
			buildSettings = {
				ALWAYS_SEARCH_USER_PATHS = NO;
				CLANG_ANALYZER_NONNULL = YES;
				CLANG_CXX_LANGUAGE_STANDARD = "gnu++0x";
				CLANG_CXX_LIBRARY = "libc++";
				CLANG_ENABLE_MODULES = YES;
				CLANG_ENABLE_OBJC_ARC = YES;
				CLANG_WARN_BOOL_CONVERSION = YES;
				CLANG_WARN_CONSTANT_CONVERSION = YES;
				CLANG_WARN_DIRECT_OBJC_ISA_USAGE = YES_ERROR;
				CLANG_WARN_EMPTY_BODY = YES;
				CLANG_WARN_ENUM_CONVERSION = YES;
				CLANG_WARN_INT_CONVERSION = YES;
				CLANG_WARN_OBJC_ROOT_CLASS = YES_ERROR;
				CLANG_WARN_UNREACHABLE_CODE = YES;
				CLANG_WARN__DUPLICATE_METHOD_MATCH = YES;
				"CODE_SIGN_IDENTITY[sdk=iphoneos*]" = "iPhone Developer";
				COPY_PHASE_STRIP = NO;
				DEBUG_INFORMATION_FORMAT = "dwarf-with-dsym";
				ENABLE_NS_ASSERTIONS = NO;
				ENABLE_STRICT_OBJC_MSGSEND = YES;
				GCC_C_LANGUAGE_STANDARD = gnu99;
				GCC_NO_COMMON_BLOCKS = YES;
				GCC_WARN_64_TO_32_BIT_CONVERSION = YES;
				GCC_WARN_ABOUT_RETURN_TYPE = YES_ERROR;
				GCC_WARN_UNDECLARED_SELECTOR = YES;
				GCC_WARN_UNINITIALIZED_AUTOS = YES_AGGRESSIVE;
				GCC_WARN_UNUSED_FUNCTION = YES;
				GCC_WARN_UNUSED_VARIABLE = YES;
				IPHONEOS_DEPLOYMENT_TARGET = 9.3;
				MTL_ENABLE_DEBUG_INFO = NO;
				SDKROOT = iphoneos;
				VALIDATE_PRODUCT = YES;
			};
			name = Release;
		};
		C66AF78E1D2C59AB00FCA3EA /* Debug */ = {
			isa = XCBuildConfiguration;
			buildSettings = {
				ASSETCATALOG_COMPILER_APPICON_NAME = AppIcon;
				INFOPLIST_FILE = TicTacToe/Info.plist;
				LD_RUNPATH_SEARCH_PATHS = "$(inherited) @executable_path/Frameworks";
				PRODUCT_BUNDLE_IDENTIFIER = com.dragomandevelopers.TicTacToe;
				PRODUCT_NAME = "$(TARGET_NAME)";
			};
			name = Debug;
		};
		C66AF78F1D2C59AB00FCA3EA /* Release */ = {
			isa = XCBuildConfiguration;
			buildSettings = {
				ASSETCATALOG_COMPILER_APPICON_NAME = AppIcon;
				INFOPLIST_FILE = TicTacToe/Info.plist;
				LD_RUNPATH_SEARCH_PATHS = "$(inherited) @executable_path/Frameworks";
				PRODUCT_BUNDLE_IDENTIFIER = com.dragomandevelopers.TicTacToe;
				PRODUCT_NAME = "$(TARGET_NAME)";
			};
			name = Release;
		};
/* End XCBuildConfiguration section */

/* Begin XCConfigurationList section */
		C66AF7761D2C59AB00FCA3EA /* Build configuration list for PBXProject "TicTacToe" */ = {
			isa = XCConfigurationList;
			buildConfigurations = (
				C66AF78B1D2C59AB00FCA3EA /* Debug */,
				C66AF78C1D2C59AB00FCA3EA /* Release */,
			);
			defaultConfigurationIsVisible = 0;
			defaultConfigurationName = Release;
		};
		C66AF78D1D2C59AB00FCA3EA /* Build configuration list for PBXNativeTarget "TicTacToe" */ = {
			isa = XCConfigurationList;
			buildConfigurations = (
				C66AF78E1D2C59AB00FCA3EA /* Debug */,
				C66AF78F1D2C59AB00FCA3EA /* Release */,
			);
			defaultConfigurationIsVisible = 0;
		};
/* End XCConfigurationList section */
	};
	rootObject = C66AF7731D2C59AB00FCA3EA /* Project object */;
}
